// !$*UTF8*$!
{
	archiveVersion = 1;
	classes = {
	};
	objectVersion = 46;
	objects = {

/* Begin PBXBuildFile section */
		61763B291D65B5CC00740701 /* main.m in Sources */ = {isa = PBXBuildFile; fileRef = 61763B281D65B5CC00740701 /* main.m */; };
		61763B2C1D65B5CD00740701 /* AppDelegate.m in Sources */ = {isa = PBXBuildFile; fileRef = 61763B2B1D65B5CD00740701 /* AppDelegate.m */; };
		61763B2F1D65B5CD00740701 /* ViewController.m in Sources */ = {isa = PBXBuildFile; fileRef = 61763B2E1D65B5CD00740701 /* ViewController.m */; };
		61763B321D65B5CD00740701 /* Main.storyboard in Resources */ = {isa = PBXBuildFile; fileRef = 61763B301D65B5CD00740701 /* Main.storyboard */; };
		61763B341D65B5CD00740701 /* Assets.xcassets in Resources */ = {isa = PBXBuildFile; fileRef = 61763B331D65B5CD00740701 /* Assets.xcassets */; };
		61763B371D65B5CD00740701 /* LaunchScreen.storyboard in Resources */ = {isa = PBXBuildFile; fileRef = 61763B351D65B5CD00740701 /* LaunchScreen.storyboard */; };
		61763B421D65B5CD00740701 /* IRPlusLessTests.m in Sources */ = {isa = PBXBuildFile; fileRef = 61763B411D65B5CD00740701 /* IRPlusLessTests.m */; };
		61763B4D1D65B5CD00740701 /* IRPlusLessUITests.m in Sources */ = {isa = PBXBuildFile; fileRef = 61763B4C1D65B5CD00740701 /* IRPlusLessUITests.m */; };
		61763B5C1D65B6E100740701 /* IRPlusLessView.m in Sources */ = {isa = PBXBuildFile; fileRef = 61763B5B1D65B6E100740701 /* IRPlusLessView.m */; };
/* End PBXBuildFile section */

/* Begin PBXContainerItemProxy section */
		61763B3E1D65B5CD00740701 /* PBXContainerItemProxy */ = {
			isa = PBXContainerItemProxy;
			containerPortal = 61763B1C1D65B5CC00740701 /* Project object */;
			proxyType = 1;
			remoteGlobalIDString = 61763B231D65B5CC00740701;
			remoteInfo = IRPlusLess;
		};
		61763B491D65B5CD00740701 /* PBXContainerItemProxy */ = {
			isa = PBXContainerItemProxy;
			containerPortal = 61763B1C1D65B5CC00740701 /* Project object */;
			proxyType = 1;
			remoteGlobalIDString = 61763B231D65B5CC00740701;
			remoteInfo = IRPlusLess;
		};
/* End PBXContainerItemProxy section */

/* Begin PBXFileReference section */
		61763B241D65B5CC00740701 /* IRPlusLess.app */ = {isa = PBXFileReference; explicitFileType = wrapper.application; includeInIndex = 0; path = IRPlusLess.app; sourceTree = BUILT_PRODUCTS_DIR; };
		61763B281D65B5CC00740701 /* main.m */ = {isa = PBXFileReference; lastKnownFileType = sourcecode.c.objc; path = main.m; sourceTree = "<group>"; };
		61763B2A1D65B5CC00740701 /* AppDelegate.h */ = {isa = PBXFileReference; lastKnownFileType = sourcecode.c.h; path = AppDelegate.h; sourceTree = "<group>"; };
		61763B2B1D65B5CD00740701 /* AppDelegate.m */ = {isa = PBXFileReference; lastKnownFileType = sourcecode.c.objc; path = AppDelegate.m; sourceTree = "<group>"; };
		61763B2D1D65B5CD00740701 /* ViewController.h */ = {isa = PBXFileReference; lastKnownFileType = sourcecode.c.h; path = ViewController.h; sourceTree = "<group>"; };
		61763B2E1D65B5CD00740701 /* ViewController.m */ = {isa = PBXFileReference; lastKnownFileType = sourcecode.c.objc; path = ViewController.m; sourceTree = "<group>"; };
		61763B311D65B5CD00740701 /* Base */ = {isa = PBXFileReference; lastKnownFileType = file.storyboard; name = Base; path = Base.lproj/Main.storyboard; sourceTree = "<group>"; };
		61763B331D65B5CD00740701 /* Assets.xcassets */ = {isa = PBXFileReference; lastKnownFileType = folder.assetcatalog; path = Assets.xcassets; sourceTree = "<group>"; };
		61763B361D65B5CD00740701 /* Base */ = {isa = PBXFileReference; lastKnownFileType = file.storyboard; name = Base; path = Base.lproj/LaunchScreen.storyboard; sourceTree = "<group>"; };
		61763B381D65B5CD00740701 /* Info.plist */ = {isa = PBXFileReference; lastKnownFileType = text.plist.xml; path = Info.plist; sourceTree = "<group>"; };
		61763B3D1D65B5CD00740701 /* IRPlusLessTests.xctest */ = {isa = PBXFileReference; explicitFileType = wrapper.cfbundle; includeInIndex = 0; path = IRPlusLessTests.xctest; sourceTree = BUILT_PRODUCTS_DIR; };
		61763B411D65B5CD00740701 /* IRPlusLessTests.m */ = {isa = PBXFileReference; lastKnownFileType = sourcecode.c.objc; path = IRPlusLessTests.m; sourceTree = "<group>"; };
		61763B431D65B5CD00740701 /* Info.plist */ = {isa = PBXFileReference; lastKnownFileType = text.plist.xml; path = Info.plist; sourceTree = "<group>"; };
		61763B481D65B5CD00740701 /* IRPlusLessUITests.xctest */ = {isa = PBXFileReference; explicitFileType = wrapper.cfbundle; includeInIndex = 0; path = IRPlusLessUITests.xctest; sourceTree = BUILT_PRODUCTS_DIR; };
		61763B4C1D65B5CD00740701 /* IRPlusLessUITests.m */ = {isa = PBXFileReference; lastKnownFileType = sourcecode.c.objc; path = IRPlusLessUITests.m; sourceTree = "<group>"; };
		61763B4E1D65B5CD00740701 /* Info.plist */ = {isa = PBXFileReference; lastKnownFileType = text.plist.xml; path = Info.plist; sourceTree = "<group>"; };
		61763B5A1D65B6E100740701 /* IRPlusLessView.h */ = {isa = PBXFileReference; fileEncoding = 4; lastKnownFileType = sourcecode.c.h; path = IRPlusLessView.h; sourceTree = "<group>"; };
		61763B5B1D65B6E100740701 /* IRPlusLessView.m */ = {isa = PBXFileReference; fileEncoding = 4; lastKnownFileType = sourcecode.c.objc; path = IRPlusLessView.m; sourceTree = "<group>"; };
/* End PBXFileReference section */

/* Begin PBXFrameworksBuildPhase section */
		61763B211D65B5CC00740701 /* Frameworks */ = {
			isa = PBXFrameworksBuildPhase;
			buildActionMask = 2147483647;
			files = (
			);
			runOnlyForDeploymentPostprocessing = 0;
		};
		61763B3A1D65B5CD00740701 /* Frameworks */ = {
			isa = PBXFrameworksBuildPhase;
			buildActionMask = 2147483647;
			files = (
			);
			runOnlyForDeploymentPostprocessing = 0;
		};
		61763B451D65B5CD00740701 /* Frameworks */ = {
			isa = PBXFrameworksBuildPhase;
			buildActionMask = 2147483647;
			files = (
			);
			runOnlyForDeploymentPostprocessing = 0;
		};
/* End PBXFrameworksBuildPhase section */

/* Begin PBXGroup section */
		61763B1B1D65B5CC00740701 = {
			isa = PBXGroup;
			children = (
				61763B261D65B5CC00740701 /* IRPlusLess */,
				61763B401D65B5CD00740701 /* IRPlusLessTests */,
				61763B4B1D65B5CD00740701 /* IRPlusLessUITests */,
				61763B251D65B5CC00740701 /* Products */,
			);
			sourceTree = "<group>";
		};
		61763B251D65B5CC00740701 /* Products */ = {
			isa = PBXGroup;
			children = (
				61763B241D65B5CC00740701 /* IRPlusLess.app */,
				61763B3D1D65B5CD00740701 /* IRPlusLessTests.xctest */,
				61763B481D65B5CD00740701 /* IRPlusLessUITests.xctest */,
			);
			name = Products;
			sourceTree = "<group>";
		};
		61763B261D65B5CC00740701 /* IRPlusLess */ = {
			isa = PBXGroup;
			children = (
				61763B2A1D65B5CC00740701 /* AppDelegate.h */,
				61763B2B1D65B5CD00740701 /* AppDelegate.m */,
				61763B2D1D65B5CD00740701 /* ViewController.h */,
				61763B2E1D65B5CD00740701 /* ViewController.m */,
				61763B301D65B5CD00740701 /* Main.storyboard */,
				61763B331D65B5CD00740701 /* Assets.xcassets */,
				61763B351D65B5CD00740701 /* LaunchScreen.storyboard */,
				61763B381D65B5CD00740701 /* Info.plist */,
				61763B271D65B5CC00740701 /* Supporting Files */,
				61763B5A1D65B6E100740701 /* IRPlusLessView.h */,
				61763B5B1D65B6E100740701 /* IRPlusLessView.m */,
			);
			path = IRPlusLess;
			sourceTree = "<group>";
		};
		61763B271D65B5CC00740701 /* Supporting Files */ = {
			isa = PBXGroup;
			children = (
				61763B281D65B5CC00740701 /* main.m */,
			);
			name = "Supporting Files";
			sourceTree = "<group>";
		};
		61763B401D65B5CD00740701 /* IRPlusLessTests */ = {
			isa = PBXGroup;
			children = (
				61763B411D65B5CD00740701 /* IRPlusLessTests.m */,
				61763B431D65B5CD00740701 /* Info.plist */,
			);
			path = IRPlusLessTests;
			sourceTree = "<group>";
		};
		61763B4B1D65B5CD00740701 /* IRPlusLessUITests */ = {
			isa = PBXGroup;
			children = (
				61763B4C1D65B5CD00740701 /* IRPlusLessUITests.m */,
				61763B4E1D65B5CD00740701 /* Info.plist */,
			);
			path = IRPlusLessUITests;
			sourceTree = "<group>";
		};
/* End PBXGroup section */

/* Begin PBXNativeTarget section */
		61763B231D65B5CC00740701 /* IRPlusLess */ = {
			isa = PBXNativeTarget;
			buildConfigurationList = 61763B511D65B5CD00740701 /* Build configuration list for PBXNativeTarget "IRPlusLess" */;
			buildPhases = (
				61763B201D65B5CC00740701 /* Sources */,
				61763B211D65B5CC00740701 /* Frameworks */,
				61763B221D65B5CC00740701 /* Resources */,
			);
			buildRules = (
			);
			dependencies = (
			);
			name = IRPlusLess;
			productName = IRPlusLess;
			productReference = 61763B241D65B5CC00740701 /* IRPlusLess.app */;
			productType = "com.apple.product-type.application";
		};
		61763B3C1D65B5CD00740701 /* IRPlusLessTests */ = {
			isa = PBXNativeTarget;
			buildConfigurationList = 61763B541D65B5CD00740701 /* Build configuration list for PBXNativeTarget "IRPlusLessTests" */;
			buildPhases = (
				61763B391D65B5CD00740701 /* Sources */,
				61763B3A1D65B5CD00740701 /* Frameworks */,
				61763B3B1D65B5CD00740701 /* Resources */,
			);
			buildRules = (
			);
			dependencies = (
				61763B3F1D65B5CD00740701 /* PBXTargetDependency */,
			);
			name = IRPlusLessTests;
			productName = IRPlusLessTests;
			productReference = 61763B3D1D65B5CD00740701 /* IRPlusLessTests.xctest */;
			productType = "com.apple.product-type.bundle.unit-test";
		};
		61763B471D65B5CD00740701 /* IRPlusLessUITests */ = {
			isa = PBXNativeTarget;
			buildConfigurationList = 61763B571D65B5CD00740701 /* Build configuration list for PBXNativeTarget "IRPlusLessUITests" */;
			buildPhases = (
				61763B441D65B5CD00740701 /* Sources */,
				61763B451D65B5CD00740701 /* Frameworks */,
				61763B461D65B5CD00740701 /* Resources */,
			);
			buildRules = (
			);
			dependencies = (
				61763B4A1D65B5CD00740701 /* PBXTargetDependency */,
			);
			name = IRPlusLessUITests;
			productName = IRPlusLessUITests;
			productReference = 61763B481D65B5CD00740701 /* IRPlusLessUITests.xctest */;
			productType = "com.apple.product-type.bundle.ui-testing";
		};
/* End PBXNativeTarget section */

/* Begin PBXProject section */
		61763B1C1D65B5CC00740701 /* Project object */ = {
			isa = PBXProject;
			attributes = {
				LastUpgradeCheck = 0730;
				ORGANIZATIONNAME = irena;
				TargetAttributes = {
					61763B231D65B5CC00740701 = {
						CreatedOnToolsVersion = 7.3;
					};
					61763B3C1D65B5CD00740701 = {
						CreatedOnToolsVersion = 7.3;
						TestTargetID = 61763B231D65B5CC00740701;
					};
					61763B471D65B5CD00740701 = {
						CreatedOnToolsVersion = 7.3;
						TestTargetID = 61763B231D65B5CC00740701;
					};
				};
			};
			buildConfigurationList = 61763B1F1D65B5CC00740701 /* Build configuration list for PBXProject "IRPlusLess" */;
			compatibilityVersion = "Xcode 3.2";
			developmentRegion = English;
			hasScannedForEncodings = 0;
			knownRegions = (
				en,
				Base,
			);
			mainGroup = 61763B1B1D65B5CC00740701;
			productRefGroup = 61763B251D65B5CC00740701 /* Products */;
			projectDirPath = "";
			projectRoot = "";
			targets = (
				61763B231D65B5CC00740701 /* IRPlusLess */,
				61763B3C1D65B5CD00740701 /* IRPlusLessTests */,
				61763B471D65B5CD00740701 /* IRPlusLessUITests */,
			);
		};
/* End PBXProject section */

/* Begin PBXResourcesBuildPhase section */
		61763B221D65B5CC00740701 /* Resources */ = {
			isa = PBXResourcesBuildPhase;
			buildActionMask = 2147483647;
			files = (
				61763B371D65B5CD00740701 /* LaunchScreen.storyboard in Resources */,
				61763B341D65B5CD00740701 /* Assets.xcassets in Resources */,
				61763B321D65B5CD00740701 /* Main.storyboard in Resources */,
			);
			runOnlyForDeploymentPostprocessing = 0;
		};
		61763B3B1D65B5CD00740701 /* Resources */ = {
			isa = PBXResourcesBuildPhase;
			buildActionMask = 2147483647;
			files = (
			);
			runOnlyForDeploymentPostprocessing = 0;
		};
		61763B461D65B5CD00740701 /* Resources */ = {
			isa = PBXResourcesBuildPhase;
			buildActionMask = 2147483647;
			files = (
			);
			runOnlyForDeploymentPostprocessing = 0;
		};
/* End PBXResourcesBuildPhase section */

/* Begin PBXSourcesBuildPhase section */
		61763B201D65B5CC00740701 /* Sources */ = {
			isa = PBXSourcesBuildPhase;
			buildActionMask = 2147483647;
			files = (
				61763B2F1D65B5CD00740701 /* ViewController.m in Sources */,
				61763B5C1D65B6E100740701 /* IRPlusLessView.m in Sources */,
				61763B2C1D65B5CD00740701 /* AppDelegate.m in Sources */,
				61763B291D65B5CC00740701 /* main.m in Sources */,
			);
			runOnlyForDeploymentPostprocessing = 0;
		};
		61763B391D65B5CD00740701 /* Sources */ = {
			isa = PBXSourcesBuildPhase;
			buildActionMask = 2147483647;
			files = (
				61763B421D65B5CD00740701 /* IRPlusLessTests.m in Sources */,
			);
			runOnlyForDeploymentPostprocessing = 0;
		};
		61763B441D65B5CD00740701 /* Sources */ = {
			isa = PBXSourcesBuildPhase;
			buildActionMask = 2147483647;
			files = (
				61763B4D1D65B5CD00740701 /* IRPlusLessUITests.m in Sources */,
			);
			runOnlyForDeploymentPostprocessing = 0;
		};
/* End PBXSourcesBuildPhase section */

/* Begin PBXTargetDependency section */
		61763B3F1D65B5CD00740701 /* PBXTargetDependency */ = {
			isa = PBXTargetDependency;
			target = 61763B231D65B5CC00740701 /* IRPlusLess */;
			targetProxy = 61763B3E1D65B5CD00740701 /* PBXContainerItemProxy */;
		};
		61763B4A1D65B5CD00740701 /* PBXTargetDependency */ = {
			isa = PBXTargetDependency;
			target = 61763B231D65B5CC00740701 /* IRPlusLess */;
			targetProxy = 61763B491D65B5CD00740701 /* PBXContainerItemProxy */;
		};
/* End PBXTargetDependency section */

/* Begin PBXVariantGroup section */
		61763B301D65B5CD00740701 /* Main.storyboard */ = {
			isa = PBXVariantGroup;
			children = (
				61763B311D65B5CD00740701 /* Base */,
			);
			name = Main.storyboard;
			sourceTree = "<group>";
		};
		61763B351D65B5CD00740701 /* LaunchScreen.storyboard */ = {
			isa = PBXVariantGroup;
			children = (
				61763B361D65B5CD00740701 /* Base */,
			);
			name = LaunchScreen.storyboard;
			sourceTree = "<group>";
		};
/* End PBXVariantGroup section */

/* Begin XCBuildConfiguration section */
		61763B4F1D65B5CD00740701 /* Debug */ = {
			isa = XCBuildConfiguration;
			buildSettings = {
				ALWAYS_SEARCH_USER_PATHS = NO;
				CLANG_ANALYZER_NONNULL = YES;
				CLANG_CXX_LANGUAGE_STANDARD = "gnu++0x";
				CLANG_CXX_LIBRARY = "libc++";
				CLANG_ENABLE_MODULES = YES;
				CLANG_ENABLE_OBJC_ARC = YES;
				CLANG_WARN_BOOL_CONVERSION = YES;
				CLANG_WARN_CONSTANT_CONVERSION = YES;
				CLANG_WARN_DIRECT_OBJC_ISA_USAGE = YES_ERROR;
				CLANG_WARN_EMPTY_BODY = YES;
				CLANG_WARN_ENUM_CONVERSION = YES;
				CLANG_WARN_INT_CONVERSION = YES;
				CLANG_WARN_OBJC_ROOT_CLASS = YES_ERROR;
				CLANG_WARN_UNREACHABLE_CODE = YES;
				CLANG_WARN__DUPLICATE_METHOD_MATCH = YES;
				"CODE_SIGN_IDENTITY[sdk=iphoneos*]" = "iPhone Developer";
				COPY_PHASE_STRIP = NO;
				DEBUG_INFORMATION_FORMAT = dwarf;
				ENABLE_STRICT_OBJC_MSGSEND = YES;
				ENABLE_TESTABILITY = YES;
				GCC_C_LANGUAGE_STANDARD = gnu99;
				GCC_DYNAMIC_NO_PIC = NO;
				GCC_NO_COMMON_BLOCKS = YES;
				GCC_OPTIMIZATION_LEVEL = 0;
				GCC_PREPROCESSOR_DEFINITIONS = (
					"DEBUG=1",
					"$(inherited)",
				);
				GCC_WARN_64_TO_32_BIT_CONVERSION = YES;
				GCC_WARN_ABOUT_RETURN_TYPE = YES_ERROR;
				GCC_WARN_UNDECLARED_SELECTOR = YES;
				GCC_WARN_UNINITIALIZED_AUTOS = YES_AGGRESSIVE;
				GCC_WARN_UNUSED_FUNCTION = YES;
				GCC_WARN_UNUSED_VARIABLE = YES;
				IPHONEOS_DEPLOYMENT_TARGET = 9.3;
				MTL_ENABLE_DEBUG_INFO = YES;
				ONLY_ACTIVE_ARCH = YES;
				SDKROOT = iphoneos;
				TARGETED_DEVICE_FAMILY = "1,2";
			};
			name = Debug;
		};
		61763B501D65B5CD00740701 /* Release */ = {
			isa = XCBuildConfiguration;
			buildSettings = {
				ALWAYS_SEARCH_USER_PATHS = NO;
				CLANG_ANALYZER_NONNULL = YES;
				CLANG_CXX_LANGUAGE_STANDARD = "gnu++0x";
				CLANG_CXX_LIBRARY = "libc++";
				CLANG_ENABLE_MODULES = YES;
				CLANG_ENABLE_OBJC_ARC = YES;
				CLANG_WARN_BOOL_CONVERSION = YES;
				CLANG_WARN_CONSTANT_CONVERSION = YES;
				CLANG_WARN_DIRECT_OBJC_ISA_USAGE = YES_ERROR;
				CLANG_WARN_EMPTY_BODY = YES;
				CLANG_WARN_ENUM_CONVERSION = YES;
				CLANG_WARN_INT_CONVERSION = YES;
				CLANG_WARN_OBJC_ROOT_CLASS = YES_ERROR;
				CLANG_WARN_UNREACHABLE_CODE = YES;
				CLANG_WARN__DUPLICATE_METHOD_MATCH = YES;
				"CODE_SIGN_IDENTITY[sdk=iphoneos*]" = "iPhone Developer";
				COPY_PHASE_STRIP = NO;
				DEBUG_INFORMATION_FORMAT = "dwarf-with-dsym";
				ENABLE_NS_ASSERTIONS = NO;
				ENABLE_STRICT_OBJC_MSGSEND = YES;
				GCC_C_LANGUAGE_STANDARD = gnu99;
				GCC_NO_COMMON_BLOCKS = YES;
				GCC_WARN_64_TO_32_BIT_CONVERSION = YES;
				GCC_WARN_ABOUT_RETURN_TYPE = YES_ERROR;
				GCC_WARN_UNDECLARED_SELECTOR = YES;
				GCC_WARN_UNINITIALIZED_AUTOS = YES_AGGRESSIVE;
				GCC_WARN_UNUSED_FUNCTION = YES;
				GCC_WARN_UNUSED_VARIABLE = YES;
				IPHONEOS_DEPLOYMENT_TARGET = 9.3;
				MTL_ENABLE_DEBUG_INFO = NO;
				SDKROOT = iphoneos;
				TARGETED_DEVICE_FAMILY = "1,2";
				VALIDATE_PRODUCT = YES;
			};
			name = Release;
		};
		61763B521D65B5CD00740701 /* Debug */ = {
			isa = XCBuildConfiguration;
			buildSettings = {
				ASSETCATALOG_COMPILER_APPICON_NAME = AppIcon;
				INFOPLIST_FILE = IRPlusLess/Info.plist;
				IPHONEOS_DEPLOYMENT_TARGET = 9.1;
				LD_RUNPATH_SEARCH_PATHS = "$(inherited) @executable_path/Frameworks";
				PRODUCT_BUNDLE_IDENTIFIER = com.irena.IRPlusLess;
				PRODUCT_NAME = "$(TARGET_NAME)";
			};
			name = Debug;
		};
		61763B531D65B5CD00740701 /* Release */ = {
			isa = XCBuildConfiguration;
			buildSettings = {
				ASSETCATALOG_COMPILER_APPICON_NAME = AppIcon;
				INFOPLIST_FILE = IRPlusLess/Info.plist;
				IPHONEOS_DEPLOYMENT_TARGET = 9.1;
				LD_RUNPATH_SEARCH_PATHS = "$(inherited) @executable_path/Frameworks";
				PRODUCT_BUNDLE_IDENTIFIER = com.irena.IRPlusLess;
				PRODUCT_NAME = "$(TARGET_NAME)";
			};
			name = Release;
		};
		61763B551D65B5CD00740701 /* Debug */ = {
			isa = XCBuildConfiguration;
			buildSettings = {
				BUNDLE_LOADER = "$(TEST_HOST)";
				INFOPLIST_FILE = IRPlusLessTests/Info.plist;
				LD_RUNPATH_SEARCH_PATHS = "$(inherited) @executable_path/Frameworks @loader_path/Frameworks";
				PRODUCT_BUNDLE_IDENTIFIER = com.irena.IRPlusLessTests;
				PRODUCT_NAME = "$(TARGET_NAME)";
				TEST_HOST = "$(BUILT_PRODUCTS_DIR)/IRPlusLess.app/IRPlusLess";
			};
			name = Debug;
		};
		61763B561D65B5CD00740701 /* Release */ = {
			isa = XCBuildConfiguration;
			buildSettings = {
				BUNDLE_LOADER = "$(TEST_HOST)";
				INFOPLIST_FILE = IRPlusLessTests/Info.plist;
				LD_RUNPATH_SEARCH_PATHS = "$(inherited) @executable_path/Frameworks @loader_path/Frameworks";
				PRODUCT_BUNDLE_IDENTIFIER = com.irena.IRPlusLessTests;
				PRODUCT_NAME = "$(TARGET_NAME)";
				TEST_HOST = "$(BUILT_PRODUCTS_DIR)/IRPlusLess.app/IRPlusLess";
			};
			name = Release;
		};
		61763B581D65B5CD00740701 /* Debug */ = {
			isa = XCBuildConfiguration;
			buildSettings = {
				INFOPLIST_FILE = IRPlusLessUITests/Info.plist;
				LD_RUNPATH_SEARCH_PATHS = "$(inherited) @executable_path/Frameworks @loader_path/Frameworks";
				PRODUCT_BUNDLE_IDENTIFIER = com.irena.IRPlusLessUITests;
				PRODUCT_NAME = "$(TARGET_NAME)";
				TEST_TARGET_NAME = IRPlusLess;
			};
			name = Debug;
		};
		61763B591D65B5CD00740701 /* Release */ = {
			isa = XCBuildConfiguration;
			buildSettings = {
				INFOPLIST_FILE = IRPlusLessUITests/Info.plist;
				LD_RUNPATH_SEARCH_PATHS = "$(inherited) @executable_path/Frameworks @loader_path/Frameworks";
				PRODUCT_BUNDLE_IDENTIFIER = com.irena.IRPlusLessUITests;
				PRODUCT_NAME = "$(TARGET_NAME)";
				TEST_TARGET_NAME = IRPlusLess;
			};
			name = Release;
		};
/* End XCBuildConfiguration section */

/* Begin XCConfigurationList section */
		61763B1F1D65B5CC00740701 /* Build configuration list for PBXProject "IRPlusLess" */ = {
			isa = XCConfigurationList;
			buildConfigurations = (
				61763B4F1D65B5CD00740701 /* Debug */,
				61763B501D65B5CD00740701 /* Release */,
			);
			defaultConfigurationIsVisible = 0;
			defaultConfigurationName = Release;
		};
		61763B511D65B5CD00740701 /* Build configuration list for PBXNativeTarget "IRPlusLess" */ = {
			isa = XCConfigurationList;
			buildConfigurations = (
				61763B521D65B5CD00740701 /* Debug */,
				61763B531D65B5CD00740701 /* Release */,
			);
			defaultConfigurationIsVisible = 0;
			defaultConfigurationName = Release;
		};
		61763B541D65B5CD00740701 /* Build configuration list for PBXNativeTarget "IRPlusLessTests" */ = {
			isa = XCConfigurationList;
			buildConfigurations = (
				61763B551D65B5CD00740701 /* Debug */,
				61763B561D65B5CD00740701 /* Release */,
			);
			defaultConfigurationIsVisible = 0;
			defaultConfigurationName = Release;
		};
		61763B571D65B5CD00740701 /* Build configuration list for PBXNativeTarget "IRPlusLessUITests" */ = {
			isa = XCConfigurationList;
			buildConfigurations = (
				61763B581D65B5CD00740701 /* Debug */,
				61763B591D65B5CD00740701 /* Release */,
			);
			defaultConfigurationIsVisible = 0;
			defaultConfigurationName = Release;
		};
/* End XCConfigurationList section */
	};
	rootObject = 61763B1C1D65B5CC00740701 /* Project object */;
}
